schema: '2.0'
stages:
  data_ingestion:
    cmd: python main.py --stage data_ingestion
    deps:
    - path: config/config.yaml
      hash: md5
      md5: cc3e339dcbd63d4f892b97ad1e05200f
      size: 1842
    - path: src/Condition2Cure/pipeline/stage1_ingestion.py
      hash: md5
      md5: 378bcc7fd003932b50c79f20a707a40f
      size: 484
    outs:
    - path: artifacts/data_ingestion
      hash: md5
      md5: 60bc092a8f4681189c258a801ec95a48.dir
      size: 114337806
      nfiles: 2
  data_validation:
    cmd: python main.py --stage data_validation
    deps:
    - path: artifacts/data_ingestion/Drugs_Data.csv
      hash: md5
      md5: d9342e829ac668ab4ee16b9f8623693e
      size: 82990470
    - path: config/schema.yaml
      hash: md5
      md5: 6b1618317c0c568b852130619535d884
      size: 162
    - path: src/Condition2Cure/pipeline/stage2_validation.py
      hash: md5
      md5: 7bab1e046d5a79d6de6f479cdeceafe9
      size: 457
    outs:
    - path: artifacts/data_validation/status.json
      hash: md5
      md5: ff7a727a93eafadc201e73379dc6f542
      size: 35
  data_cleaning:
    cmd: python main.py --stage data_cleaning
    deps:
    - path: artifacts/data_ingestion/Drugs_Data.csv
      hash: md5
      md5: d9342e829ac668ab4ee16b9f8623693e
      size: 82990470
    - path: src/Condition2Cure/pipeline/stage3_cleaning.py
      hash: md5
      md5: cbd5e84162328d3ad33c06004828c628
      size: 426
    outs:
    - path: artifacts/data_cleaning/cleaned.csv
      hash: md5
      md5: f11f91fb5b30e9086dbae7f2f3a9f753
      size: 50602349
  data_transformation:
    cmd: python main.py --stage data_transformation
    deps:
    - path: artifacts/data_cleaning/cleaned.csv
      hash: md5
      md5: f11f91fb5b30e9086dbae7f2f3a9f753
      size: 50602349
    - path: config/params.yaml
      hash: md5
      md5: 13c1dac91d49208c76d44a4a3f9ede3a
      size: 150
    - path: src/Condition2Cure/pipeline/stage4_transformation.py
      hash: md5
      md5: 554f1be5dda96e37756bc3937dd2a148
      size: 472
    outs:
    - path: artifacts/feature_engineering/X.npy
      hash: md5
      md5: 849e50e5115122edfa7c4019297eda46
      size: 144885728
    - path: artifacts/feature_engineering/label_encoder.pkl
      hash: md5
      md5: 73a6bd631b636df8b52845f09389c8f5
      size: 560
    - path: artifacts/feature_engineering/svd.pkl
      hash: md5
      md5: e998d5eca27c7416fd4b4fd6c9fb0a3d
      size: 24007943
    - path: artifacts/feature_engineering/vectorizer.pkl
      hash: md5
      md5: 7a72e58509019735fadf38ca3034430b
      size: 358293
    - path: artifacts/feature_engineering/y.npy
      hash: md5
      md5: e0b714052b045eb602c8c66cfe8cacb1
      size: 241604
  model_training:
    cmd: python main.py --stage model_training
    deps:
    - path: artifacts/feature_engineering/X.npy
      hash: md5
      md5: 849e50e5115122edfa7c4019297eda46
      size: 144885728
    - path: artifacts/feature_engineering/y.npy
      hash: md5
      md5: e0b714052b045eb602c8c66cfe8cacb1
      size: 241604
    - path: config/params.yaml
      hash: md5
      md5: 13c1dac91d49208c76d44a4a3f9ede3a
      size: 150
    - path: src/Condition2Cure/pipeline/stage5_training.py
      hash: md5
      md5: 2ac8f5eba3b6324429e06478a8d169e2
      size: 428
    outs:
    - path: artifacts/model_training/best_model_info.json
      hash: md5
      md5: ef726aeaa2b1db2e8c7ff0ae2586243a
      size: 266
    - path: artifacts/model_training/model.joblib
      hash: md5
      md5: ff1de64bb08bd346427206eb23ec50d8
      size: 25909345
  model_evaluation:
    cmd: python main.py --stage model_evaluation
    deps:
    - path: artifacts/feature_engineering/X.npy
      hash: md5
      md5: 849e50e5115122edfa7c4019297eda46
      size: 144885728
    - path: artifacts/feature_engineering/label_encoder.pkl
      hash: md5
      md5: 73a6bd631b636df8b52845f09389c8f5
      size: 560
    - path: artifacts/feature_engineering/y.npy
      hash: md5
      md5: e0b714052b045eb602c8c66cfe8cacb1
      size: 241604
    - path: artifacts/model_training/model.joblib
      hash: md5
      md5: ff1de64bb08bd346427206eb23ec50d8
      size: 25909345
    - path: src/Condition2Cure/pipeline/stage6_evaluation.py
      hash: md5
      md5: 64fa744a81fb5cca760e7bfd69010b84
      size: 452
    outs:
    - path: artifacts/model_evaluation/cm.png
      hash: md5
      md5: 15716a5ad72b610d290264d9c2a9c1c3
      size: 26062
    - path: artifacts/model_evaluation/metrics.json
      hash: md5
      md5: 6edd3049b8f350bc3b3ee478f19eb09e
      size: 293
  model_registry:
    cmd: python main.py --stage model_registry
    deps:
    - path: artifacts/model_evaluation/metrics.json
      hash: md5
      md5: 6edd3049b8f350bc3b3ee478f19eb09e
      size: 293
    - path: src/Condition2Cure/pipeline/stage7_registry.py
      hash: md5
      md5: cee67cfc9f0ee4b8eeed5a02d0f62dfe
      size: 438
  drift_monitoring:
    cmd: python main.py --stage drift_monitoring
    deps:
    - path: artifacts/data_cleaning/cleaned.csv
      hash: md5
      md5: f11f91fb5b30e9086dbae7f2f3a9f753
      size: 50602349
    - path: src/Condition2Cure/pipeline/stage8_monitoring.py
      hash: md5
      md5: cfaa7ef9d07f4fbf276f21eba83d1736
      size: 432
    outs:
    - path: artifacts/monitoring/drift_report.html
      hash: md5
      md5: e3c7551d8aacaabf60316526813cbe87
      size: 198982173
    - path: artifacts/monitoring/drift_report.json
      hash: md5
      md5: 63ccf2699ea3638250fbfaef6e7d0e1f
      size: 64961726
